
Microsoft Visual Studio Solution File, Format Version 12.00
# Visual Studio Version 16
VisualStudioVersion = 16.0.33027.164
MinimumVisualStudioVersion = 10.0.40219.1
Project("{FAE04EC0-301F-11D3-BF4B-00C04F79EFBC}") = "NumbersToWords", "NumbersToWords\NumbersToWords.csproj", "{0F3181F9-AF50-4917-B0DD-882E68A62D51}"
EndProject
Global
	GlobalSection(SolutionConfigurationPlatforms) = preSolution
		Debug|Any CPU = Debug|Any CPU
		Release|Any CPU = Release|Any CPU
	EndGlobalSection
	GlobalSection(ProjectConfigurationPlatforms) = postSolution
		{0F3181F9-AF50-4917-B0DD-882E68A62D51}.Debug|Any CPU.ActiveCfg = Debug|Any CPU
		{0F3181F9-AF50-4917-B0DD-882E68A62D51}.Debug|Any CPU.Build.0 = Debug|Any CPU
		{0F3181F9-AF50-4917-B0DD-882E68A62D51}.Release|Any CPU.ActiveCfg = Release|Any CPU
		{0F3181F9-AF50-4917-B0DD-882E68A62D51}.Release|Any CPU.Build.0 = Release|Any CPU
	EndGlobalSection
	GlobalSection(SolutionProperties) = preSolution
		HideSolutionNode = FALSE
	EndGlobalSection
	GlobalSection(ExtensibilityGlobals) = postSolution
		SolutionGuid = {980D8757-CD8B-47DA-B922-E6F163D8BCA2}
	EndGlobalSection
EndGlobal
